
Microsoft Visual Studio Solution File, Format Version 12.00
# Visual Studio Version 17
VisualStudioVersion = 17.0.31717.71
MinimumVisualStudioVersion = 10.0.40219.1
Project("{9A19103F-16F7-4668-BE54-9A1E7A4F7556}") = "KartLibrary", "src\KartriderLibrary\KartLibrary.csproj", "{D051B18F-40F5-4824-8D29-668356D728CE}"
EndProject
Project("{9A19103F-16F7-4668-BE54-9A1E7A4F7556}") = "KartCityStudio.Desktop", "src\KartCityStudio\KartCityStudio.Desktop\KartCityStudio.Desktop.csproj", "{DC6D93AD-6D21-4ED7-A7A0-897034E67E1B}"
EndProject
Project("{9A19103F-16F7-4668-BE54-9A1E7A4F7556}") = "KartCityStudio.Game", "src\KartCityStudio\KartCityStudio.Game\KartCityStudio.Game.csproj", "{AAC98017-2456-4F55-94C8-5420B4DC0AF3}"
EndProject
Project("{9A19103F-16F7-4668-BE54-9A1E7A4F7556}") = "KartCityStudio.Game.Tests", "src\KartCityStudio\KartCityStudio.Game.Tests\KartCityStudio.Game.Tests.csproj", "{F3748C51-165E-4C3D-AD37-F2331A7EE0A6}"
EndProject
Project("{9A19103F-16F7-4668-BE54-9A1E7A4F7556}") = "KartCityStudio.Resources", "src\KartCityStudio\KartCityStudio.Resources\KartCityStudio.Resources.csproj", "{FA6307CA-6A4A-43A3-972F-870A9C209B52}"
EndProject
Project("{9A19103F-16F7-4668-BE54-9A1E7A4F7556}") = "KartLibrary.Tests", "src\KartLibrary.Test\KartLibrary.Tests.csproj", "{15B60B90-B5A7-47AA-9E9D-BAF5B8CD8B9A}"
EndProject
Project("{FAE04EC0-301F-11D3-BF4B-00C04F79EFBC}") = "RayCityLibrary", "src\RaycityLibrary\RayCityLibrary.csproj", "{B1233FD4-736C-403A-849B-1C30008389C3}"
EndProject
Project("{FAE04EC0-301F-11D3-BF4B-00C04F79EFBC}") = "eP Library", "src\eP Library\eP Library.csproj", "{7816DC02-C174-42BD-BE0B-3B7514C7AC3C}"
EndProject
Project("{FAE04EC0-301F-11D3-BF4B-00C04F79EFBC}") = "KartCity.Common", "src\KartCity.Common\KartCity.Common.csproj", "{991276CA-6B3C-4D6E-AFAA-AD27F86D24B9}"
EndProject
Project("{FAE04EC0-301F-11D3-BF4B-00C04F79EFBC}") = "RhoLoader", "src\RhoLoader\RhoLoader.csproj", "{BE3FD271-EE13-4AFC-8A6E-3763CA0E3D3C}"
EndProject
Project("{FAE04EC0-301F-11D3-BF4B-00C04F79EFBC}") = "KartCityStudioCommon", "src\KartCityStudioCommon\KartCityStudioCommon.csproj", "{8B3A04C6-7AB6-46FA-93FF-EB81B44C3B05}"
EndProject
Project("{FAE04EC0-301F-11D3-BF4B-00C04F79EFBC}") = "eP Library Test", "src\eP Library Test\eP Library Test.csproj", "{7A084CD6-DD5F-4D50-8999-3E62D2F52111}"
EndProject
Global
	GlobalSection(SolutionConfigurationPlatforms) = preSolution
		Debug|Any CPU = Debug|Any CPU
		Release|Any CPU = Release|Any CPU
	EndGlobalSection
	GlobalSection(ProjectConfigurationPlatforms) = postSolution
		{D051B18F-40F5-4824-8D29-668356D728CE}.Debug|Any CPU.ActiveCfg = Debug|Any CPU
		{D051B18F-40F5-4824-8D29-668356D728CE}.Debug|Any CPU.Build.0 = Debug|Any CPU
		{D051B18F-40F5-4824-8D29-668356D728CE}.Release|Any CPU.ActiveCfg = Release|Any CPU
		{D051B18F-40F5-4824-8D29-668356D728CE}.Release|Any CPU.Build.0 = Release|Any CPU
		{DC6D93AD-6D21-4ED7-A7A0-897034E67E1B}.Debug|Any CPU.ActiveCfg = Debug|Any CPU
		{DC6D93AD-6D21-4ED7-A7A0-897034E67E1B}.Debug|Any CPU.Build.0 = Debug|Any CPU
		{DC6D93AD-6D21-4ED7-A7A0-897034E67E1B}.Release|Any CPU.ActiveCfg = Release|Any CPU
		{DC6D93AD-6D21-4ED7-A7A0-897034E67E1B}.Release|Any CPU.Build.0 = Release|Any CPU
		{AAC98017-2456-4F55-94C8-5420B4DC0AF3}.Debug|Any CPU.ActiveCfg = Debug|Any CPU
		{AAC98017-2456-4F55-94C8-5420B4DC0AF3}.Debug|Any CPU.Build.0 = Debug|Any CPU
		{AAC98017-2456-4F55-94C8-5420B4DC0AF3}.Release|Any CPU.ActiveCfg = Release|Any CPU
		{AAC98017-2456-4F55-94C8-5420B4DC0AF3}.Release|Any CPU.Build.0 = Release|Any CPU
		{F3748C51-165E-4C3D-AD37-F2331A7EE0A6}.Debug|Any CPU.ActiveCfg = Debug|Any CPU
		{F3748C51-165E-4C3D-AD37-F2331A7EE0A6}.Debug|Any CPU.Build.0 = Debug|Any CPU
		{F3748C51-165E-4C3D-AD37-F2331A7EE0A6}.Release|Any CPU.ActiveCfg = Release|Any CPU
		{F3748C51-165E-4C3D-AD37-F2331A7EE0A6}.Release|Any CPU.Build.0 = Release|Any CPU
		{FA6307CA-6A4A-43A3-972F-870A9C209B52}.Debug|Any CPU.ActiveCfg = Debug|Any CPU
		{FA6307CA-6A4A-43A3-972F-870A9C209B52}.Debug|Any CPU.Build.0 = Debug|Any CPU
		{FA6307CA-6A4A-43A3-972F-870A9C209B52}.Release|Any CPU.ActiveCfg = Release|Any CPU
		{FA6307CA-6A4A-43A3-972F-870A9C209B52}.Release|Any CPU.Build.0 = Release|Any CPU
		{15B60B90-B5A7-47AA-9E9D-BAF5B8CD8B9A}.Debug|Any CPU.ActiveCfg = Debug|Any CPU
		{15B60B90-B5A7-47AA-9E9D-BAF5B8CD8B9A}.Debug|Any CPU.Build.0 = Debug|Any CPU
		{15B60B90-B5A7-47AA-9E9D-BAF5B8CD8B9A}.Release|Any CPU.ActiveCfg = Release|Any CPU
		{15B60B90-B5A7-47AA-9E9D-BAF5B8CD8B9A}.Release|Any CPU.Build.0 = Release|Any CPU
		{B1233FD4-736C-403A-849B-1C30008389C3}.Debug|Any CPU.ActiveCfg = Debug|Any CPU
		{B1233FD4-736C-403A-849B-1C30008389C3}.Debug|Any CPU.Build.0 = Debug|Any CPU
		{B1233FD4-736C-403A-849B-1C30008389C3}.Release|Any CPU.ActiveCfg = Release|Any CPU
		{B1233FD4-736C-403A-849B-1C30008389C3}.Release|Any CPU.Build.0 = Release|Any CPU
		{7816DC02-C174-42BD-BE0B-3B7514C7AC3C}.Debug|Any CPU.ActiveCfg = Debug|Any CPU
		{7816DC02-C174-42BD-BE0B-3B7514C7AC3C}.Debug|Any CPU.Build.0 = Debug|Any CPU
		{7816DC02-C174-42BD-BE0B-3B7514C7AC3C}.Release|Any CPU.ActiveCfg = Release|Any CPU
		{7816DC02-C174-42BD-BE0B-3B7514C7AC3C}.Release|Any CPU.Build.0 = Release|Any CPU
		{991276CA-6B3C-4D6E-AFAA-AD27F86D24B9}.Debug|Any CPU.ActiveCfg = Debug|Any CPU
		{991276CA-6B3C-4D6E-AFAA-AD27F86D24B9}.Debug|Any CPU.Build.0 = Debug|Any CPU
		{991276CA-6B3C-4D6E-AFAA-AD27F86D24B9}.Release|Any CPU.ActiveCfg = Release|Any CPU
		{991276CA-6B3C-4D6E-AFAA-AD27F86D24B9}.Release|Any CPU.Build.0 = Release|Any CPU
		{BE3FD271-EE13-4AFC-8A6E-3763CA0E3D3C}.Debug|Any CPU.ActiveCfg = Debug|Any CPU
		{BE3FD271-EE13-4AFC-8A6E-3763CA0E3D3C}.Debug|Any CPU.Build.0 = Debug|Any CPU
		{BE3FD271-EE13-4AFC-8A6E-3763CA0E3D3C}.Release|Any CPU.ActiveCfg = Release|Any CPU
		{BE3FD271-EE13-4AFC-8A6E-3763CA0E3D3C}.Release|Any CPU.Build.0 = Release|Any CPU
		{8B3A04C6-7AB6-46FA-93FF-EB81B44C3B05}.Debug|Any CPU.ActiveCfg = Debug|Any CPU
		{8B3A04C6-7AB6-46FA-93FF-EB81B44C3B05}.Debug|Any CPU.Build.0 = Debug|Any CPU
		{8B3A04C6-7AB6-46FA-93FF-EB81B44C3B05}.Release|Any CPU.ActiveCfg = Release|Any CPU
		{8B3A04C6-7AB6-46FA-93FF-EB81B44C3B05}.Release|Any CPU.Build.0 = Release|Any CPU
		{7A084CD6-DD5F-4D50-8999-3E62D2F52111}.Debug|Any CPU.ActiveCfg = Debug|Any CPU
		{7A084CD6-DD5F-4D50-8999-3E62D2F52111}.Debug|Any CPU.Build.0 = Debug|Any CPU
		{7A084CD6-DD5F-4D50-8999-3E62D2F52111}.Release|Any CPU.ActiveCfg = Release|Any CPU
		{7A084CD6-DD5F-4D50-8999-3E62D2F52111}.Release|Any CPU.Build.0 = Release|Any CPU
	EndGlobalSection
	GlobalSection(SolutionProperties) = preSolution
		HideSolutionNode = FALSE
	EndGlobalSection
	GlobalSection(ExtensibilityGlobals) = postSolution
		SolutionGuid = {194630E3-8DA3-489C-B403-BCA4F0676717}
	EndGlobalSection
EndGlobal
